{
  "name": "pacsadmintool-hl7ref-tools",
  "lockfileVersion": 3,
  "requires": true,
  "packages": {
    "": {
      "name": "pacsadmintool-hl7ref-tools",
      "dependencies": {
        "hl7-dictionary": "^1.0.1"
      }
    },
    "node_modules/hl7-dictionary": {
      "version": "1.0.1",
      "resolved": "https://registry.npmjs.org/hl7-dictionary/-/hl7-dictionary-1.0.1.tgz",
      "integrity": "sha512-fS56mbNeZUqprk+WUSx7kpLXG3GDZV9PWryz5Qd4WtSarquQIOlIqhVB1gvLz/+TOjziwhodu0HTtzI4/Jjj3A==",
      "license": "MIT"
    }
  }
}
